
Microsoft Visual Studio Solution File, Format Version 12.00
# Visual Studio Version 17
VisualStudioVersion = 17.5.002.0
MinimumVisualStudioVersion = 10.0.40219.1
Project("{9A19103F-16F7-4668-BE54-9A1E7A4F7556}") = "TestAPI", "TestAPI\TestAPI.csproj", "{6739F40A-749A-4806-8BE8-A1E3D3CC9E03}"
EndProject
Project("{FAE04EC0-301F-11D3-BF4B-00C04F79EFBC}") = "StringLibrary", "StringLibrary\StringLibrary.csproj", "{77903907-FA83-4866-ACC5-626096467853}"
EndProject
Project("{FAE04EC0-301F-11D3-BF4B-00C04F79EFBC}") = "ShowCase", "ShowCase\ShowCase.csproj", "{4CD69E2C-F85B-40FB-B7D3-1722EFDCA7D0}"
EndProject
Project("{FAE04EC0-301F-11D3-BF4B-00C04F79EFBC}") = "StringCommands", "StringCommands\StringCommands.csproj", "{C8667D9D-032B-4578-A904-AF6855723A1C}"
EndProject
Project("{FAE04EC0-301F-11D3-BF4B-00C04F79EFBC}") = "StringAPI", "StringAPI\StringAPI.csproj", "{30A25E66-68CD-4BDD-88B0-B4FEA525B192}"
EndProject
Global
	GlobalSection(SolutionConfigurationPlatforms) = preSolution
		Debug|Any CPU = Debug|Any CPU
		Release|Any CPU = Release|Any CPU
	EndGlobalSection
	GlobalSection(ProjectConfigurationPlatforms) = postSolution
		{6739F40A-749A-4806-8BE8-A1E3D3CC9E03}.Debug|Any CPU.ActiveCfg = Debug|Any CPU
		{6739F40A-749A-4806-8BE8-A1E3D3CC9E03}.Debug|Any CPU.Build.0 = Debug|Any CPU
		{6739F40A-749A-4806-8BE8-A1E3D3CC9E03}.Release|Any CPU.ActiveCfg = Release|Any CPU
		{6739F40A-749A-4806-8BE8-A1E3D3CC9E03}.Release|Any CPU.Build.0 = Release|Any CPU
		{77903907-FA83-4866-ACC5-626096467853}.Debug|Any CPU.ActiveCfg = Debug|Any CPU
		{77903907-FA83-4866-ACC5-626096467853}.Debug|Any CPU.Build.0 = Debug|Any CPU
		{77903907-FA83-4866-ACC5-626096467853}.Release|Any CPU.ActiveCfg = Release|Any CPU
		{77903907-FA83-4866-ACC5-626096467853}.Release|Any CPU.Build.0 = Release|Any CPU
		{4CD69E2C-F85B-40FB-B7D3-1722EFDCA7D0}.Debug|Any CPU.ActiveCfg = Debug|Any CPU
		{4CD69E2C-F85B-40FB-B7D3-1722EFDCA7D0}.Debug|Any CPU.Build.0 = Debug|Any CPU
		{4CD69E2C-F85B-40FB-B7D3-1722EFDCA7D0}.Release|Any CPU.ActiveCfg = Release|Any CPU
		{4CD69E2C-F85B-40FB-B7D3-1722EFDCA7D0}.Release|Any CPU.Build.0 = Release|Any CPU
		{C8667D9D-032B-4578-A904-AF6855723A1C}.Debug|Any CPU.ActiveCfg = Debug|Any CPU
		{C8667D9D-032B-4578-A904-AF6855723A1C}.Debug|Any CPU.Build.0 = Debug|Any CPU
		{C8667D9D-032B-4578-A904-AF6855723A1C}.Release|Any CPU.ActiveCfg = Release|Any CPU
		{C8667D9D-032B-4578-A904-AF6855723A1C}.Release|Any CPU.Build.0 = Release|Any CPU
		{30A25E66-68CD-4BDD-88B0-B4FEA525B192}.Debug|Any CPU.ActiveCfg = Debug|Any CPU
		{30A25E66-68CD-4BDD-88B0-B4FEA525B192}.Debug|Any CPU.Build.0 = Debug|Any CPU
		{30A25E66-68CD-4BDD-88B0-B4FEA525B192}.Release|Any CPU.ActiveCfg = Release|Any CPU
		{30A25E66-68CD-4BDD-88B0-B4FEA525B192}.Release|Any CPU.Build.0 = Release|Any CPU
	EndGlobalSection
	GlobalSection(SolutionProperties) = preSolution
		HideSolutionNode = FALSE
	EndGlobalSection
	GlobalSection(ExtensibilityGlobals) = postSolution
		SolutionGuid = {248C7554-2014-49D3-863B-3E4F3CC21947}
	EndGlobalSection
EndGlobal
